
Microsoft Visual Studio Solution File, Format Version 12.00
# Visual Studio 15
VisualStudioVersion = 15.0.28010.2046
MinimumVisualStudioVersion = 10.0.40219.1
Project("{FAE04EC0-301F-11D3-BF4B-00C04F79EFBC}") = "PodcastUppgift", "WindowsFormsApp1\PodcastUppgift.csproj", "{A6F1BC0D-F423-4660-B51E-502BBD32EE4B}"
EndProject
Global
	GlobalSection(SolutionConfigurationPlatforms) = preSolution
		Debug|Any CPU = Debug|Any CPU
		Release|Any CPU = Release|Any CPU
	EndGlobalSection
	GlobalSection(ProjectConfigurationPlatforms) = postSolution
		{A6F1BC0D-F423-4660-B51E-502BBD32EE4B}.Debug|Any CPU.ActiveCfg = Debug|Any CPU
		{A6F1BC0D-F423-4660-B51E-502BBD32EE4B}.Debug|Any CPU.Build.0 = Debug|Any CPU
		{A6F1BC0D-F423-4660-B51E-502BBD32EE4B}.Release|Any CPU.ActiveCfg = Release|Any CPU
		{A6F1BC0D-F423-4660-B51E-502BBD32EE4B}.Release|Any CPU.Build.0 = Release|Any CPU
	EndGlobalSection
	GlobalSection(SolutionProperties) = preSolution
		HideSolutionNode = FALSE
	EndGlobalSection
	GlobalSection(ExtensibilityGlobals) = postSolution
		SolutionGuid = {EC33457E-AD57-4274-AAB0-CD358CF8F8C3}
	EndGlobalSection
EndGlobal
